
Microsoft Visual Studio Solution File, Format Version 12.00
# Visual Studio Version 17
VisualStudioVersion = 17.2.32505.173
MinimumVisualStudioVersion = 10.0.40219.1
Project("{9A19103F-16F7-4668-BE54-9A1E7A4F7556}") = "ClrPro.AzureFX.LocalCredentialBridge", "src\ClrPro.AzureFX.LocalCredentialBridge\ClrPro.AzureFX.LocalCredentialBridge.csproj", "{73E4F0BA-7E55-4DE9-8D9E-E9D98292F17E}"
EndProject
Project("{2150E333-8FDC-42A3-9474-1A3956D46DE8}") = ".root", ".root", "{CFF870A2-6AB4-47E9-9459-6B2E3EDDBCB8}"
	ProjectSection(SolutionItems) = preProject
		.editorconfig = .editorconfig
		.gitattributes = .gitattributes
		.gitignore = .gitignore
		Analyzers.ruleset = Analyzers.ruleset
		Directory.Build.targets = Directory.Build.targets
		global.json = global.json
		LICENSE = LICENSE
		stylecop.json = stylecop.json
	EndProjectSection
EndProject
Project("{9A19103F-16F7-4668-BE54-9A1E7A4F7556}") = "ClrPro.AzureFX.LocalCredentialBridge.Tests", "test\ClrPro.AzureFX.LocalCredentialBridge.Tests\ClrPro.AzureFX.LocalCredentialBridge.Tests.csproj", "{4117BB3D-87C6-45D2-AA34-F2AEB7A51E44}"
EndProject
Global
	GlobalSection(SolutionConfigurationPlatforms) = preSolution
		Debug|Any CPU = Debug|Any CPU
		Release|Any CPU = Release|Any CPU
	EndGlobalSection
	GlobalSection(ProjectConfigurationPlatforms) = postSolution
		{73E4F0BA-7E55-4DE9-8D9E-E9D98292F17E}.Debug|Any CPU.ActiveCfg = Debug|Any CPU
		{73E4F0BA-7E55-4DE9-8D9E-E9D98292F17E}.Debug|Any CPU.Build.0 = Debug|Any CPU
		{73E4F0BA-7E55-4DE9-8D9E-E9D98292F17E}.Release|Any CPU.ActiveCfg = Release|Any CPU
		{73E4F0BA-7E55-4DE9-8D9E-E9D98292F17E}.Release|Any CPU.Build.0 = Release|Any CPU
		{4117BB3D-87C6-45D2-AA34-F2AEB7A51E44}.Debug|Any CPU.ActiveCfg = Debug|Any CPU
		{4117BB3D-87C6-45D2-AA34-F2AEB7A51E44}.Debug|Any CPU.Build.0 = Debug|Any CPU
		{4117BB3D-87C6-45D2-AA34-F2AEB7A51E44}.Release|Any CPU.ActiveCfg = Release|Any CPU
		{4117BB3D-87C6-45D2-AA34-F2AEB7A51E44}.Release|Any CPU.Build.0 = Release|Any CPU
	EndGlobalSection
	GlobalSection(SolutionProperties) = preSolution
		HideSolutionNode = FALSE
	EndGlobalSection
	GlobalSection(ExtensibilityGlobals) = postSolution
		SolutionGuid = {5155B626-30E0-4ADD-97D7-E95F57AE1B72}
	EndGlobalSection
EndGlobal
